{
  "version": 4,
  "terraform_version": "1.2.6",
  "serial": 25,
  "lineage": "8e423c37-ac78-c7e6-97da-07912605f1cf",
  "outputs": {},
  "resources": [
    {
      "mode": "managed",
      "type": "dcnm_network",
      "name": "demo-net-1",
      "provider": "provider[\"registry.terraform.io/ciscodevnet/dcnm\"]",
      "instances": [
        {
          "schema_version": 0,
          "attributes": {
            "arp_supp_flag": false,
            "attachments": [
              {
                "attach": true,
                "dot1_qvlan": 0,
                "extension_values": "",
                "free_form_config": "",
                "instance_values": "",
                "serial_number": "90H5W089HOR",
                "switch_ports": [
                  "Ethernet1/15",
                  "Ethernet1/16"
                ],
                "untagged": false,
                "vlan_id": 0
              },
              {
                "attach": true,
                "dot1_qvlan": 0,
                "extension_values": "",
                "free_form_config": "",
                "instance_values": "",
                "serial_number": "9DYEHJ6N21Z",
                "switch_ports": [
                  "Ethernet1/15",
                  "Ethernet1/16"
                ],
                "untagged": false,
                "vlan_id": 0
              }
            ],
            "deploy": true,
            "deploy_timeout": 300,
            "description": "",
            "dhcp_1": "",
            "dhcp_2": "",
            "dhcp_3": "",
            "dhcp_vrf": "",
            "dhcp_vrf_2": "",
            "dhcp_vrf_3": "",
            "display_name": "TERRAFORM-NET-1",
            "extension_template": "Default_Network_Extension_Universal",
            "fabric_name": "CML-DC1",
            "id": "TERRAFORM-NET-1",
            "ipv4_gateway": "192.168.21.1/24",
            "ipv6_gateway": "",
            "ir_enable_flag": false,
            "l2_only_flag": false,
            "l3_gateway_flag": false,
            "loopback_id": null,
            "mcast_group": "239.1.1.1",
            "mtu": null,
            "name": "TERRAFORM-NET-1",
            "netflow_flag": false,
            "network_id": "30201",
            "nve_id": 1,
            "rt_both_flag": false,
            "secondary_gw_1": "",
            "secondary_gw_2": "",
            "secondary_gw_3": "",
            "secondary_gw_4": "",
            "service_template": null,
            "source": null,
            "svi_netflow_monitor": "",
            "tag": "12345",
            "template": "Default_Network_Universal",
            "trm_enable_flag": false,
            "vlan_id": 3201,
            "vlan_name": "",
            "vlan_netflow_monitor": "",
            "vrf_name": "TERRAFORM-VRF-1"
          },
          "sensitive_attributes": [],
          "private": "bnVsbA==",
          "dependencies": [
            "dcnm_vrf.demo-vrf-1"
          ]
        }
      ]
    },
    {
      "mode": "managed",
      "type": "dcnm_network",
      "name": "demo-net-2",
      "provider": "provider[\"registry.terraform.io/ciscodevnet/dcnm\"]",
      "instances": [
        {
          "schema_version": 0,
          "attributes": {
            "arp_supp_flag": false,
            "attachments": [
              {
                "attach": true,
                "dot1_qvlan": 0,
                "extension_values": "",
                "free_form_config": "",
                "instance_values": "",
                "serial_number": "90H5W089HOR",
                "switch_ports": [
                  "Ethernet1/15",
                  "Ethernet1/16"
                ],
                "untagged": false,
                "vlan_id": 0
              },
              {
                "attach": true,
                "dot1_qvlan": 0,
                "extension_values": "",
                "free_form_config": "",
                "instance_values": "",
                "serial_number": "9DYEHJ6N21Z",
                "switch_ports": [
                  "Ethernet1/15",
                  "Ethernet1/16"
                ],
                "untagged": false,
                "vlan_id": 0
              }
            ],
            "deploy": true,
            "deploy_timeout": 300,
            "description": "",
            "dhcp_1": "",
            "dhcp_2": "",
            "dhcp_3": "",
            "dhcp_vrf": "",
            "dhcp_vrf_2": "",
            "dhcp_vrf_3": "",
            "display_name": "TERRAFORM-NET-2",
            "extension_template": "Default_Network_Extension_Universal",
            "fabric_name": "CML-DC1",
            "id": "TERRAFORM-NET-2",
            "ipv4_gateway": "192.168.22.1/24",
            "ipv6_gateway": "",
            "ir_enable_flag": false,
            "l2_only_flag": false,
            "l3_gateway_flag": false,
            "loopback_id": null,
            "mcast_group": "239.1.1.1",
            "mtu": null,
            "name": "TERRAFORM-NET-2",
            "netflow_flag": false,
            "network_id": "30202",
            "nve_id": 1,
            "rt_both_flag": false,
            "secondary_gw_1": "",
            "secondary_gw_2": "",
            "secondary_gw_3": "",
            "secondary_gw_4": "",
            "service_template": null,
            "source": null,
            "svi_netflow_monitor": "",
            "tag": "12345",
            "template": "Default_Network_Universal",
            "trm_enable_flag": false,
            "vlan_id": 3202,
            "vlan_name": "",
            "vlan_netflow_monitor": "",
            "vrf_name": "TERRAFORM-VRF-1"
          },
          "sensitive_attributes": [],
          "private": "bnVsbA==",
          "dependencies": [
            "dcnm_vrf.demo-vrf-1"
          ]
        }
      ]
    },
    {
      "mode": "managed",
      "type": "dcnm_vrf",
      "name": "demo-vrf-1",
      "provider": "provider[\"registry.terraform.io/ciscodevnet/dcnm\"]",
      "instances": [
        {
          "schema_version": 0,
          "attributes": {
            "advertise_default_route": "true",
            "advertise_host_route": "false",
            "attachments": [
              {
                "attach": true,
                "extension_values": "",
                "free_form_config": "",
                "loopback_id": 0,
                "loopback_ipv4": "",
                "loopback_ipv6": "",
                "serial_number": "90H5W089HOR",
                "vlan_id": 0,
                "vrf_lite": []
              },
              {
                "attach": true,
                "extension_values": "",
                "free_form_config": "",
                "loopback_id": 0,
                "loopback_ipv4": "",
                "loopback_ipv6": "",
                "serial_number": "96WZGN1HLSR",
                "vlan_id": 0,
                "vrf_lite": []
              },
              {
                "attach": true,
                "extension_values": "",
                "free_form_config": "",
                "loopback_id": 0,
                "loopback_ipv4": "",
                "loopback_ipv6": "",
                "serial_number": "9DYEHJ6N21Z",
                "vlan_id": 0,
                "vrf_lite": []
              },
              {
                "attach": true,
                "extension_values": "",
                "free_form_config": "",
                "loopback_id": 0,
                "loopback_ipv4": "",
                "loopback_ipv6": "",
                "serial_number": "9KBKJJ9TCG7",
                "vlan_id": 0,
                "vrf_lite": []
              }
            ],
            "deploy": true,
            "deploy_timeout": 300,
            "description": null,
            "extension_template": "Default_VRF_Extension_Universal",
            "fabric_name": "CML-DC1",
            "id": "TERRAFORM-VRF-1",
            "intf_description": null,
            "ipv6_link_local_flag": "true",
            "loopback_id": null,
            "max_bgp_path": 1,
            "max_ibgp_path": 2,
            "mtu": 9216,
            "mutlicast_address": null,
            "mutlicast_group": "",
            "name": "TERRAFORM-VRF-1",
            "rp_address": null,
            "rp_external_flag": "false",
            "segment_id": "52201",
            "service_template": null,
            "source": null,
            "static_default_route": "true",
            "tag": "12345",
            "template": "Default_VRF_Universal",
            "trm_bgw_msite_flag": "false",
            "trm_enable": "false",
            "vlan_id": 2201,
            "vlan_name": null
          },
          "sensitive_attributes": [],
          "private": "bnVsbA=="
        }
      ]
    }
  ]
}
