{
  "version": 4,
  "terraform_version": "1.2.6",
  "serial": 53,
  "lineage": "64813b3f-c3af-aae7-ad0d-c0a33daa7951",
  "outputs": {
    "serial_numbers": {
      "value": {
        "DC1-BGW-1": "96WZGN1HLSR",
        "DC1-BGW-2": "9KBKJJ9TCG7",
        "DC1-LEAF-1": "90H5W089HOR",
        "DC1-LEAF-2": "9DYEHJ6N21Z"
      },
      "type": [
        "object",
        {
          "DC1-BGW-1": "string",
          "DC1-BGW-2": "string",
          "DC1-LEAF-1": "string",
          "DC1-LEAF-2": "string"
        }
      ]
    }
  },
  "resources": [
    {
      "mode": "data",
      "type": "dcnm_inventory",
      "name": "switches",
      "provider": "provider[\"registry.terraform.io/ciscodevnet/dcnm\"]",
      "instances": [
        {
          "index_key": "DC1-BGW-1",
          "schema_version": 0,
          "attributes": {
            "deploy": true,
            "fabric_name": "CML-DC1",
            "id": "10.66.209.54",
            "ip": "10.66.209.54",
            "mode": "Normal",
            "model": "N9K-C9300v",
            "role": "border_gateway",
            "serial_number": "96WZGN1HLSR",
            "switch_db_id": "594170",
            "switch_name": "DC1-BGW-1"
          },
          "sensitive_attributes": []
        },
        {
          "index_key": "DC1-BGW-2",
          "schema_version": 0,
          "attributes": {
            "deploy": true,
            "fabric_name": "CML-DC1",
            "id": "10.66.209.55",
            "ip": "10.66.209.55",
            "mode": "Normal",
            "model": "N9K-C9300v",
            "role": "border_gateway",
            "serial_number": "9KBKJJ9TCG7",
            "switch_db_id": "595030",
            "switch_name": "DC1-BGW-2"
          },
          "sensitive_attributes": []
        },
        {
          "index_key": "DC1-LEAF-1",
          "schema_version": 0,
          "attributes": {
            "deploy": true,
            "fabric_name": "CML-DC1",
            "id": "10.66.209.52",
            "ip": "10.66.209.52",
            "mode": "Normal",
            "model": "N9K-C9300v",
            "role": "leaf",
            "serial_number": "90H5W089HOR",
            "switch_db_id": "586950",
            "switch_name": "DC1-LEAF-1"
          },
          "sensitive_attributes": []
        },
        {
          "index_key": "DC1-LEAF-2",
          "schema_version": 0,
          "attributes": {
            "deploy": true,
            "fabric_name": "CML-DC1",
            "id": "10.66.209.53",
            "ip": "10.66.209.53",
            "mode": "Normal",
            "model": "N9K-C9300v",
            "role": "leaf",
            "serial_number": "9DYEHJ6N21Z",
            "switch_db_id": "586850",
            "switch_name": "DC1-LEAF-2"
          },
          "sensitive_attributes": []
        }
      ]
    },
    {
      "mode": "managed",
      "type": "dcnm_network",
      "name": "demo-network",
      "provider": "provider[\"registry.terraform.io/ciscodevnet/dcnm\"]",
      "instances": [
        {
          "index_key": "TERRAFORM-DEMO-NET-1",
          "schema_version": 0,
          "attributes": {
            "arp_supp_flag": false,
            "attachments": [
              {
                "attach": true,
                "dot1_qvlan": 0,
                "extension_values": "",
                "free_form_config": "",
                "instance_values": "",
                "serial_number": "90H5W089HOR",
                "switch_ports": [
                  "Ethernet1/15",
                  "Ethernet1/16"
                ],
                "untagged": false,
                "vlan_id": 0
              },
              {
                "attach": true,
                "dot1_qvlan": 0,
                "extension_values": "",
                "free_form_config": "",
                "instance_values": "",
                "serial_number": "9DYEHJ6N21Z",
                "switch_ports": [
                  "Ethernet1/15",
                  "Ethernet1/16"
                ],
                "untagged": false,
                "vlan_id": 0
              }
            ],
            "deploy": true,
            "deploy_timeout": 300,
            "description": "",
            "dhcp_1": "",
            "dhcp_2": "",
            "dhcp_3": "",
            "dhcp_vrf": "",
            "dhcp_vrf_2": "",
            "dhcp_vrf_3": "",
            "display_name": "TERRAFORM-DEMO-NET-1",
            "extension_template": "Default_Network_Extension_Universal",
            "fabric_name": "CML-DC1",
            "id": "TERRAFORM-DEMO-NET-1",
            "ipv4_gateway": "192.168.1.1/24",
            "ipv6_gateway": "",
            "ir_enable_flag": false,
            "l2_only_flag": false,
            "l3_gateway_flag": false,
            "loopback_id": null,
            "mcast_group": "239.1.1.1",
            "mtu": null,
            "name": "TERRAFORM-DEMO-NET-1",
            "netflow_flag": false,
            "network_id": "30201",
            "nve_id": 1,
            "rt_both_flag": false,
            "secondary_gw_1": "",
            "secondary_gw_2": "",
            "secondary_gw_3": "",
            "secondary_gw_4": "",
            "service_template": null,
            "source": null,
            "svi_netflow_monitor": "",
            "tag": "12345",
            "template": "Default_Network_Universal",
            "trm_enable_flag": false,
            "vlan_id": 3201,
            "vlan_name": "",
            "vlan_netflow_monitor": "",
            "vrf_name": "TERRAFORM-DEMO-VRF-1"
          },
          "sensitive_attributes": [],
          "private": "bnVsbA==",
          "dependencies": [
            "data.dcnm_inventory.switches",
            "dcnm_vrf.demo-vrf"
          ]
        },
        {
          "index_key": "TERRAFORM-DEMO-NET-2",
          "schema_version": 0,
          "attributes": {
            "arp_supp_flag": false,
            "attachments": [
              {
                "attach": true,
                "dot1_qvlan": 0,
                "extension_values": "",
                "free_form_config": "",
                "instance_values": "",
                "serial_number": "90H5W089HOR",
                "switch_ports": [
                  "Ethernet1/15",
                  "Ethernet1/16"
                ],
                "untagged": false,
                "vlan_id": 0
              },
              {
                "attach": true,
                "dot1_qvlan": 0,
                "extension_values": "",
                "free_form_config": "",
                "instance_values": "",
                "serial_number": "9DYEHJ6N21Z",
                "switch_ports": [
                  "Ethernet1/15",
                  "Ethernet1/16"
                ],
                "untagged": false,
                "vlan_id": 0
              }
            ],
            "deploy": true,
            "deploy_timeout": 300,
            "description": "",
            "dhcp_1": "",
            "dhcp_2": "",
            "dhcp_3": "",
            "dhcp_vrf": "",
            "dhcp_vrf_2": "",
            "dhcp_vrf_3": "",
            "display_name": "TERRAFORM-DEMO-NET-2",
            "extension_template": "Default_Network_Extension_Universal",
            "fabric_name": "CML-DC1",
            "id": "TERRAFORM-DEMO-NET-2",
            "ipv4_gateway": "192.168.2.1/24",
            "ipv6_gateway": "",
            "ir_enable_flag": false,
            "l2_only_flag": false,
            "l3_gateway_flag": false,
            "loopback_id": null,
            "mcast_group": "239.1.1.1",
            "mtu": null,
            "name": "TERRAFORM-DEMO-NET-2",
            "netflow_flag": false,
            "network_id": "30202",
            "nve_id": 1,
            "rt_both_flag": false,
            "secondary_gw_1": "",
            "secondary_gw_2": "",
            "secondary_gw_3": "",
            "secondary_gw_4": "",
            "service_template": null,
            "source": null,
            "svi_netflow_monitor": "",
            "tag": "12345",
            "template": "Default_Network_Universal",
            "trm_enable_flag": false,
            "vlan_id": 3202,
            "vlan_name": "",
            "vlan_netflow_monitor": "",
            "vrf_name": "TERRAFORM-DEMO-VRF-1"
          },
          "sensitive_attributes": [],
          "private": "bnVsbA==",
          "dependencies": [
            "data.dcnm_inventory.switches",
            "dcnm_vrf.demo-vrf"
          ]
        },
        {
          "index_key": "TERRAFORM-DEMO-NET-3",
          "schema_version": 0,
          "attributes": {
            "arp_supp_flag": false,
            "attachments": [
              {
                "attach": true,
                "dot1_qvlan": 0,
                "extension_values": "",
                "free_form_config": "",
                "instance_values": "",
                "serial_number": "90H5W089HOR",
                "switch_ports": [
                  "Ethernet1/15",
                  "Ethernet1/16"
                ],
                "untagged": false,
                "vlan_id": 0
              },
              {
                "attach": true,
                "dot1_qvlan": 0,
                "extension_values": "",
                "free_form_config": "",
                "instance_values": "",
                "serial_number": "9DYEHJ6N21Z",
                "switch_ports": [
                  "Ethernet1/15",
                  "Ethernet1/16"
                ],
                "untagged": false,
                "vlan_id": 0
              }
            ],
            "deploy": true,
            "deploy_timeout": 300,
            "description": "",
            "dhcp_1": "",
            "dhcp_2": "",
            "dhcp_3": "",
            "dhcp_vrf": "",
            "dhcp_vrf_2": "",
            "dhcp_vrf_3": "",
            "display_name": "TERRAFORM-DEMO-NET-3",
            "extension_template": "Default_Network_Extension_Universal",
            "fabric_name": "CML-DC1",
            "id": "TERRAFORM-DEMO-NET-3",
            "ipv4_gateway": "192.168.3.1/24",
            "ipv6_gateway": "",
            "ir_enable_flag": false,
            "l2_only_flag": false,
            "l3_gateway_flag": false,
            "loopback_id": null,
            "mcast_group": "239.1.1.1",
            "mtu": null,
            "name": "TERRAFORM-DEMO-NET-3",
            "netflow_flag": false,
            "network_id": "30203",
            "nve_id": 1,
            "rt_both_flag": false,
            "secondary_gw_1": "",
            "secondary_gw_2": "",
            "secondary_gw_3": "",
            "secondary_gw_4": "",
            "service_template": null,
            "source": null,
            "svi_netflow_monitor": "",
            "tag": "12345",
            "template": "Default_Network_Universal",
            "trm_enable_flag": false,
            "vlan_id": 3203,
            "vlan_name": "",
            "vlan_netflow_monitor": "",
            "vrf_name": "TERRAFORM-DEMO-VRF-1"
          },
          "sensitive_attributes": [],
          "private": "bnVsbA==",
          "dependencies": [
            "data.dcnm_inventory.switches",
            "dcnm_vrf.demo-vrf"
          ]
        },
        {
          "index_key": "TERRAFORM-DEMO-NET-4",
          "schema_version": 0,
          "attributes": {
            "arp_supp_flag": false,
            "attachments": [
              {
                "attach": true,
                "dot1_qvlan": 0,
                "extension_values": "",
                "free_form_config": "",
                "instance_values": "",
                "serial_number": "90H5W089HOR",
                "switch_ports": [
                  "Ethernet1/15",
                  "Ethernet1/16"
                ],
                "untagged": false,
                "vlan_id": 0
              },
              {
                "attach": true,
                "dot1_qvlan": 0,
                "extension_values": "",
                "free_form_config": "",
                "instance_values": "",
                "serial_number": "9DYEHJ6N21Z",
                "switch_ports": [
                  "Ethernet1/15",
                  "Ethernet1/16"
                ],
                "untagged": false,
                "vlan_id": 0
              }
            ],
            "deploy": true,
            "deploy_timeout": 300,
            "description": "",
            "dhcp_1": "",
            "dhcp_2": "",
            "dhcp_3": "",
            "dhcp_vrf": "",
            "dhcp_vrf_2": "",
            "dhcp_vrf_3": "",
            "display_name": "TERRAFORM-DEMO-NET-4",
            "extension_template": "Default_Network_Extension_Universal",
            "fabric_name": "CML-DC1",
            "id": "TERRAFORM-DEMO-NET-4",
            "ipv4_gateway": "192.168.4.1/24",
            "ipv6_gateway": "",
            "ir_enable_flag": false,
            "l2_only_flag": false,
            "l3_gateway_flag": false,
            "loopback_id": null,
            "mcast_group": "239.1.1.1",
            "mtu": null,
            "name": "TERRAFORM-DEMO-NET-4",
            "netflow_flag": false,
            "network_id": "30204",
            "nve_id": 1,
            "rt_both_flag": false,
            "secondary_gw_1": "",
            "secondary_gw_2": "",
            "secondary_gw_3": "",
            "secondary_gw_4": "",
            "service_template": null,
            "source": null,
            "svi_netflow_monitor": "",
            "tag": "12345",
            "template": "Default_Network_Universal",
            "trm_enable_flag": false,
            "vlan_id": 3204,
            "vlan_name": "",
            "vlan_netflow_monitor": "",
            "vrf_name": "TERRAFORM-DEMO-VRF-1"
          },
          "sensitive_attributes": [],
          "private": "bnVsbA==",
          "dependencies": [
            "data.dcnm_inventory.switches",
            "dcnm_vrf.demo-vrf"
          ]
        },
        {
          "index_key": "TERRAFORM-DEMO-NET-5",
          "schema_version": 0,
          "attributes": {
            "arp_supp_flag": false,
            "attachments": [
              {
                "attach": true,
                "dot1_qvlan": 0,
                "extension_values": "",
                "free_form_config": "",
                "instance_values": "",
                "serial_number": "90H5W089HOR",
                "switch_ports": [
                  "Ethernet1/15",
                  "Ethernet1/16"
                ],
                "untagged": false,
                "vlan_id": 0
              },
              {
                "attach": true,
                "dot1_qvlan": 0,
                "extension_values": "",
                "free_form_config": "",
                "instance_values": "",
                "serial_number": "9DYEHJ6N21Z",
                "switch_ports": [
                  "Ethernet1/15",
                  "Ethernet1/16"
                ],
                "untagged": false,
                "vlan_id": 0
              }
            ],
            "deploy": true,
            "deploy_timeout": 300,
            "description": "",
            "dhcp_1": "",
            "dhcp_2": "",
            "dhcp_3": "",
            "dhcp_vrf": "",
            "dhcp_vrf_2": "",
            "dhcp_vrf_3": "",
            "display_name": "TERRAFORM-DEMO-NET-5",
            "extension_template": "Default_Network_Extension_Universal",
            "fabric_name": "CML-DC1",
            "id": "TERRAFORM-DEMO-NET-5",
            "ipv4_gateway": "192.168.5.1/24",
            "ipv6_gateway": "",
            "ir_enable_flag": false,
            "l2_only_flag": false,
            "l3_gateway_flag": false,
            "loopback_id": null,
            "mcast_group": "239.1.1.1",
            "mtu": null,
            "name": "TERRAFORM-DEMO-NET-5",
            "netflow_flag": false,
            "network_id": "30205",
            "nve_id": 1,
            "rt_both_flag": false,
            "secondary_gw_1": "",
            "secondary_gw_2": "",
            "secondary_gw_3": "",
            "secondary_gw_4": "",
            "service_template": null,
            "source": null,
            "svi_netflow_monitor": "",
            "tag": "12345",
            "template": "Default_Network_Universal",
            "trm_enable_flag": false,
            "vlan_id": 3205,
            "vlan_name": "",
            "vlan_netflow_monitor": "",
            "vrf_name": "TERRAFORM-DEMO-VRF-1"
          },
          "sensitive_attributes": [],
          "private": "bnVsbA==",
          "dependencies": [
            "data.dcnm_inventory.switches",
            "dcnm_vrf.demo-vrf"
          ]
        }
      ]
    },
    {
      "mode": "managed",
      "type": "dcnm_vrf",
      "name": "demo-vrf",
      "provider": "provider[\"registry.terraform.io/ciscodevnet/dcnm\"]",
      "instances": [
        {
          "index_key": "TERRAFORM-DEMO-VRF-1",
          "schema_version": 0,
          "attributes": {
            "advertise_default_route": "true",
            "advertise_host_route": "false",
            "attachments": [
              {
                "attach": true,
                "extension_values": "",
                "free_form_config": "",
                "loopback_id": 0,
                "loopback_ipv4": "",
                "loopback_ipv6": "",
                "serial_number": "90H5W089HOR",
                "vlan_id": 0,
                "vrf_lite": []
              },
              {
                "attach": true,
                "extension_values": "",
                "free_form_config": "",
                "loopback_id": 0,
                "loopback_ipv4": "",
                "loopback_ipv6": "",
                "serial_number": "96WZGN1HLSR",
                "vlan_id": 0,
                "vrf_lite": []
              },
              {
                "attach": true,
                "extension_values": "",
                "free_form_config": "",
                "loopback_id": 0,
                "loopback_ipv4": "",
                "loopback_ipv6": "",
                "serial_number": "9DYEHJ6N21Z",
                "vlan_id": 0,
                "vrf_lite": []
              },
              {
                "attach": true,
                "extension_values": "",
                "free_form_config": "",
                "loopback_id": 0,
                "loopback_ipv4": "",
                "loopback_ipv6": "",
                "serial_number": "9KBKJJ9TCG7",
                "vlan_id": 0,
                "vrf_lite": []
              }
            ],
            "deploy": true,
            "deploy_timeout": 300,
            "description": null,
            "extension_template": "Default_VRF_Extension_Universal",
            "fabric_name": "CML-DC1",
            "id": "TERRAFORM-DEMO-VRF-1",
            "intf_description": null,
            "ipv6_link_local_flag": "true",
            "loopback_id": null,
            "max_bgp_path": 1,
            "max_ibgp_path": 2,
            "mtu": 9216,
            "mutlicast_address": null,
            "mutlicast_group": "",
            "name": "TERRAFORM-DEMO-VRF-1",
            "rp_address": null,
            "rp_external_flag": "false",
            "segment_id": "52201",
            "service_template": null,
            "source": null,
            "static_default_route": "true",
            "tag": "12345",
            "template": "Default_VRF_Universal",
            "trm_bgw_msite_flag": "false",
            "trm_enable": "false",
            "vlan_id": 2201,
            "vlan_name": null
          },
          "sensitive_attributes": [],
          "private": "bnVsbA==",
          "dependencies": [
            "data.dcnm_inventory.switches"
          ]
        },
        {
          "index_key": "TERRAFORM-DEMO-VRF-2",
          "schema_version": 0,
          "attributes": {
            "advertise_default_route": "true",
            "advertise_host_route": "false",
            "attachments": [
              {
                "attach": true,
                "extension_values": "",
                "free_form_config": "",
                "loopback_id": 0,
                "loopback_ipv4": "",
                "loopback_ipv6": "",
                "serial_number": "90H5W089HOR",
                "vlan_id": 0,
                "vrf_lite": []
              },
              {
                "attach": true,
                "extension_values": "",
                "free_form_config": "",
                "loopback_id": 0,
                "loopback_ipv4": "",
                "loopback_ipv6": "",
                "serial_number": "96WZGN1HLSR",
                "vlan_id": 0,
                "vrf_lite": []
              },
              {
                "attach": true,
                "extension_values": "",
                "free_form_config": "",
                "loopback_id": 0,
                "loopback_ipv4": "",
                "loopback_ipv6": "",
                "serial_number": "9DYEHJ6N21Z",
                "vlan_id": 0,
                "vrf_lite": []
              },
              {
                "attach": true,
                "extension_values": "",
                "free_form_config": "",
                "loopback_id": 0,
                "loopback_ipv4": "",
                "loopback_ipv6": "",
                "serial_number": "9KBKJJ9TCG7",
                "vlan_id": 0,
                "vrf_lite": []
              }
            ],
            "deploy": true,
            "deploy_timeout": 300,
            "description": null,
            "extension_template": "Default_VRF_Extension_Universal",
            "fabric_name": "CML-DC1",
            "id": "TERRAFORM-DEMO-VRF-2",
            "intf_description": null,
            "ipv6_link_local_flag": "true",
            "loopback_id": null,
            "max_bgp_path": 1,
            "max_ibgp_path": 2,
            "mtu": 9216,
            "mutlicast_address": null,
            "mutlicast_group": "",
            "name": "TERRAFORM-DEMO-VRF-2",
            "rp_address": null,
            "rp_external_flag": "false",
            "segment_id": "52202",
            "service_template": null,
            "source": null,
            "static_default_route": "true",
            "tag": "12345",
            "template": "Default_VRF_Universal",
            "trm_bgw_msite_flag": "false",
            "trm_enable": "false",
            "vlan_id": 2202,
            "vlan_name": null
          },
          "sensitive_attributes": [],
          "private": "bnVsbA==",
          "dependencies": [
            "data.dcnm_inventory.switches"
          ]
        },
        {
          "index_key": "TERRAFORM-DEMO-VRF-3",
          "schema_version": 0,
          "attributes": {
            "advertise_default_route": "true",
            "advertise_host_route": "false",
            "attachments": [
              {
                "attach": true,
                "extension_values": "",
                "free_form_config": "",
                "loopback_id": 0,
                "loopback_ipv4": "",
                "loopback_ipv6": "",
                "serial_number": "90H5W089HOR",
                "vlan_id": 0,
                "vrf_lite": []
              },
              {
                "attach": true,
                "extension_values": "",
                "free_form_config": "",
                "loopback_id": 0,
                "loopback_ipv4": "",
                "loopback_ipv6": "",
                "serial_number": "96WZGN1HLSR",
                "vlan_id": 0,
                "vrf_lite": []
              },
              {
                "attach": true,
                "extension_values": "",
                "free_form_config": "",
                "loopback_id": 0,
                "loopback_ipv4": "",
                "loopback_ipv6": "",
                "serial_number": "9DYEHJ6N21Z",
                "vlan_id": 0,
                "vrf_lite": []
              },
              {
                "attach": true,
                "extension_values": "",
                "free_form_config": "",
                "loopback_id": 0,
                "loopback_ipv4": "",
                "loopback_ipv6": "",
                "serial_number": "9KBKJJ9TCG7",
                "vlan_id": 0,
                "vrf_lite": []
              }
            ],
            "deploy": true,
            "deploy_timeout": 300,
            "description": null,
            "extension_template": "Default_VRF_Extension_Universal",
            "fabric_name": "CML-DC1",
            "id": "TERRAFORM-DEMO-VRF-3",
            "intf_description": null,
            "ipv6_link_local_flag": "true",
            "loopback_id": null,
            "max_bgp_path": 1,
            "max_ibgp_path": 2,
            "mtu": 9216,
            "mutlicast_address": null,
            "mutlicast_group": "",
            "name": "TERRAFORM-DEMO-VRF-3",
            "rp_address": null,
            "rp_external_flag": "false",
            "segment_id": "52203",
            "service_template": null,
            "source": null,
            "static_default_route": "true",
            "tag": "12345",
            "template": "Default_VRF_Universal",
            "trm_bgw_msite_flag": "false",
            "trm_enable": "false",
            "vlan_id": 2203,
            "vlan_name": null
          },
          "sensitive_attributes": [],
          "private": "bnVsbA==",
          "dependencies": [
            "data.dcnm_inventory.switches"
          ]
        }
      ]
    }
  ]
}
